
Microsoft Visual Studio Solution File, Format Version 12.00
# Visual Studio Version 17
VisualStudioVersion = 17.4.33122.133
MinimumVisualStudioVersion = 10.0.40219.1
Project("{2150E333-8FDC-42A3-9474-1A3956D46DE8}") = "src", "src", "{0E4C75E4-006E-439C-8465-4C174EF0D791}"
EndProject
Project("{2150E333-8FDC-42A3-9474-1A3956D46DE8}") = "BuildingBlocks", "BuildingBlocks", "{7357C8A3-C1B3-4E28-B1AF-B9025BCA010E}"
EndProject
Project("{2150E333-8FDC-42A3-9474-1A3956D46DE8}") = "ApiGateway", "ApiGateway", "{A31CAE96-D60C-495F-8934-16E5313E3D93}"
EndProject
Project("{9A19103F-16F7-4668-BE54-9A1E7A4F7556}") = "SO.ApiGateway", "src\ApiGateway\SO.ApiGateway\SO.ApiGateway.csproj", "{A44602D1-BB17-4BE2-B75F-283F8E6819CF}"
EndProject
Project("{9A19103F-16F7-4668-BE54-9A1E7A4F7556}") = "SO.Domain", "src\BuildingBlocks\SO.Domain\SO.Domain.csproj", "{C0E95CBA-1827-42DA-AD59-50C64830E058}"
EndProject
Project("{2150E333-8FDC-42A3-9474-1A3956D46DE8}") = "OrderService", "OrderService", "{EF433FA9-5D21-49A9-A3BD-340B3FB46B63}"
EndProject
Project("{2150E333-8FDC-42A3-9474-1A3956D46DE8}") = "ProductService", "ProductService", "{F0EF0F67-6673-4605-8C33-E19910A665FE}"
EndProject
Project("{2150E333-8FDC-42A3-9474-1A3956D46DE8}") = "CustomerService", "CustomerService", "{D9329C29-710B-4B69-970A-BC5E5C4537B9}"
EndProject
Project("{9A19103F-16F7-4668-BE54-9A1E7A4F7556}") = "SO.OrderService", "src\OrderService\SO.OrderService\SO.OrderService.csproj", "{6FA4AF29-3F04-4C66-BE86-8BA7C4A5CE59}"
EndProject
Project("{9A19103F-16F7-4668-BE54-9A1E7A4F7556}") = "SO.ProductService", "src\ProductService\SO.ProductService\SO.ProductService.csproj", "{9CBFC3C1-8B88-4592-8A16-C262C02D659D}"
EndProject
Project("{9A19103F-16F7-4668-BE54-9A1E7A4F7556}") = "SO.CustomerService", "src\CustomerService\SO.CustomerService\SO.CustomerService.csproj", "{07DBCADF-FF4F-4CD6-ADB1-56AF1D593244}"
EndProject
Project("{E53339B2-1760-4266-BCC7-CA923CBCF16C}") = "docker-compose", "docker-compose.dcproj", "{C6F12C26-8BCA-4677-AB20-D2C157211A19}"
	ProjectSection(ProjectDependencies) = postProject
		{07DBCADF-FF4F-4CD6-ADB1-56AF1D593244} = {07DBCADF-FF4F-4CD6-ADB1-56AF1D593244}
		{0BC2CF67-1E9A-4023-838C-1F510D220495} = {0BC2CF67-1E9A-4023-838C-1F510D220495}
		{6994E121-C57C-4B77-B729-F9392799A1A1} = {6994E121-C57C-4B77-B729-F9392799A1A1}
		{6B25F761-4628-44C8-8C0D-FDE89DAD20E2} = {6B25F761-4628-44C8-8C0D-FDE89DAD20E2}
		{6ECA150D-E380-4DA6-9C11-AE7148788397} = {6ECA150D-E380-4DA6-9C11-AE7148788397}
		{6FA4AF29-3F04-4C66-BE86-8BA7C4A5CE59} = {6FA4AF29-3F04-4C66-BE86-8BA7C4A5CE59}
		{983CBFCD-F9B2-4AEB-87E7-A8DE423E36BA} = {983CBFCD-F9B2-4AEB-87E7-A8DE423E36BA}
		{9CBFC3C1-8B88-4592-8A16-C262C02D659D} = {9CBFC3C1-8B88-4592-8A16-C262C02D659D}
		{A44602D1-BB17-4BE2-B75F-283F8E6819CF} = {A44602D1-BB17-4BE2-B75F-283F8E6819CF}
		{C0E95CBA-1827-42DA-AD59-50C64830E058} = {C0E95CBA-1827-42DA-AD59-50C64830E058}
		{C9E789CD-258A-492D-9512-C40E80D2518C} = {C9E789CD-258A-492D-9512-C40E80D2518C}
	EndProjectSection
EndProject
Project("{9A19103F-16F7-4668-BE54-9A1E7A4F7556}") = "SO.Infrastructure.Logger", "src\BuildingBlocks\SO.Infrastructure.Logger\SO.Infrastructure.Logger.csproj", "{6ECA150D-E380-4DA6-9C11-AE7148788397}"
EndProject
Project("{9A19103F-16F7-4668-BE54-9A1E7A4F7556}") = "SO.Application", "src\BuildingBlocks\SO.Application\SO.Application.csproj", "{C9E789CD-258A-492D-9512-C40E80D2518C}"
EndProject
Project("{2150E333-8FDC-42A3-9474-1A3956D46DE8}") = "items", "items", "{22FAEC87-AA1E-4D64-B2FB-794E3C13DCD3}"
	ProjectSection(SolutionItems) = preProject
		.dockerignore = .dockerignore
		.gitattributes = .gitattributes
		.gitignore = .gitignore
		logstash.conf = logstash.conf
		SonarScanner.bat = SonarScanner.bat
	EndProjectSection
EndProject
Project("{2150E333-8FDC-42A3-9474-1A3956D46DE8}") = "tests", "tests", "{92300877-74BC-4D58-B60A-7564C290680A}"
EndProject
Project("{9A19103F-16F7-4668-BE54-9A1E7A4F7556}") = "SO.OrderService.Tests", "tests\ServiceTests\SO.OrderService.Tests\SO.OrderService.Tests.csproj", "{6994E121-C57C-4B77-B729-F9392799A1A1}"
EndProject
Project("{9A19103F-16F7-4668-BE54-9A1E7A4F7556}") = "SO.Infrastructure.Data", "src\BuildingBlocks\SO.Infrastructure.Data\SO.Infrastructure.Data.csproj", "{983CBFCD-F9B2-4AEB-87E7-A8DE423E36BA}"
EndProject
Project("{2150E333-8FDC-42A3-9474-1A3956D46DE8}") = "db", "db", "{A99963D6-769C-47F6-A92E-E87DC450A58D}"
EndProject
Project("{2150E333-8FDC-42A3-9474-1A3956D46DE8}") = "order", "order", "{76D12C3E-575D-4527-B4E9-8B2AD0246623}"
	ProjectSection(SolutionItems) = preProject
		db\order\order.sql = db\order\order.sql
	EndProjectSection
EndProject
Project("{9A19103F-16F7-4668-BE54-9A1E7A4F7556}") = "SO.Infrastructure.EventBus", "src\BuildingBlocks\SO.Infrastructure.EventBus\SO.Infrastructure.EventBus.csproj", "{0BC2CF67-1E9A-4023-838C-1F510D220495}"
EndProject
Project("{2150E333-8FDC-42A3-9474-1A3956D46DE8}") = "customer", "customer", "{B5A80C16-51AA-4829-906E-83413F030096}"
	ProjectSection(SolutionItems) = preProject
		db\customer\customer.sql = db\customer\customer.sql
	EndProjectSection
EndProject
Project("{9A19103F-16F7-4668-BE54-9A1E7A4F7556}") = "SO.Shared", "src\BuildingBlocks\SO.Shared\SO.Shared.csproj", "{6B25F761-4628-44C8-8C0D-FDE89DAD20E2}"
EndProject
Project("{2150E333-8FDC-42A3-9474-1A3956D46DE8}") = "product", "product", "{503A5311-3C5D-4C6C-8DFB-1A79C17890F4}"
	ProjectSection(SolutionItems) = preProject
		db\product\product.sql = db\product\product.sql
	EndProjectSection
EndProject
Global
	GlobalSection(SolutionConfigurationPlatforms) = preSolution
		Debug|Any CPU = Debug|Any CPU
		Release|Any CPU = Release|Any CPU
	EndGlobalSection
	GlobalSection(ProjectConfigurationPlatforms) = postSolution
		{A44602D1-BB17-4BE2-B75F-283F8E6819CF}.Debug|Any CPU.ActiveCfg = Debug|Any CPU
		{A44602D1-BB17-4BE2-B75F-283F8E6819CF}.Debug|Any CPU.Build.0 = Debug|Any CPU
		{A44602D1-BB17-4BE2-B75F-283F8E6819CF}.Release|Any CPU.ActiveCfg = Release|Any CPU
		{A44602D1-BB17-4BE2-B75F-283F8E6819CF}.Release|Any CPU.Build.0 = Release|Any CPU
		{C0E95CBA-1827-42DA-AD59-50C64830E058}.Debug|Any CPU.ActiveCfg = Debug|Any CPU
		{C0E95CBA-1827-42DA-AD59-50C64830E058}.Debug|Any CPU.Build.0 = Debug|Any CPU
		{C0E95CBA-1827-42DA-AD59-50C64830E058}.Release|Any CPU.ActiveCfg = Release|Any CPU
		{C0E95CBA-1827-42DA-AD59-50C64830E058}.Release|Any CPU.Build.0 = Release|Any CPU
		{6FA4AF29-3F04-4C66-BE86-8BA7C4A5CE59}.Debug|Any CPU.ActiveCfg = Debug|Any CPU
		{6FA4AF29-3F04-4C66-BE86-8BA7C4A5CE59}.Debug|Any CPU.Build.0 = Debug|Any CPU
		{6FA4AF29-3F04-4C66-BE86-8BA7C4A5CE59}.Release|Any CPU.ActiveCfg = Release|Any CPU
		{6FA4AF29-3F04-4C66-BE86-8BA7C4A5CE59}.Release|Any CPU.Build.0 = Release|Any CPU
		{9CBFC3C1-8B88-4592-8A16-C262C02D659D}.Debug|Any CPU.ActiveCfg = Debug|Any CPU
		{9CBFC3C1-8B88-4592-8A16-C262C02D659D}.Debug|Any CPU.Build.0 = Debug|Any CPU
		{9CBFC3C1-8B88-4592-8A16-C262C02D659D}.Release|Any CPU.ActiveCfg = Release|Any CPU
		{9CBFC3C1-8B88-4592-8A16-C262C02D659D}.Release|Any CPU.Build.0 = Release|Any CPU
		{07DBCADF-FF4F-4CD6-ADB1-56AF1D593244}.Debug|Any CPU.ActiveCfg = Debug|Any CPU
		{07DBCADF-FF4F-4CD6-ADB1-56AF1D593244}.Debug|Any CPU.Build.0 = Debug|Any CPU
		{07DBCADF-FF4F-4CD6-ADB1-56AF1D593244}.Release|Any CPU.ActiveCfg = Release|Any CPU
		{07DBCADF-FF4F-4CD6-ADB1-56AF1D593244}.Release|Any CPU.Build.0 = Release|Any CPU
		{C6F12C26-8BCA-4677-AB20-D2C157211A19}.Debug|Any CPU.ActiveCfg = Debug|Any CPU
		{C6F12C26-8BCA-4677-AB20-D2C157211A19}.Debug|Any CPU.Build.0 = Debug|Any CPU
		{C6F12C26-8BCA-4677-AB20-D2C157211A19}.Release|Any CPU.ActiveCfg = Release|Any CPU
		{C6F12C26-8BCA-4677-AB20-D2C157211A19}.Release|Any CPU.Build.0 = Release|Any CPU
		{6ECA150D-E380-4DA6-9C11-AE7148788397}.Debug|Any CPU.ActiveCfg = Debug|Any CPU
		{6ECA150D-E380-4DA6-9C11-AE7148788397}.Debug|Any CPU.Build.0 = Debug|Any CPU
		{6ECA150D-E380-4DA6-9C11-AE7148788397}.Release|Any CPU.ActiveCfg = Release|Any CPU
		{6ECA150D-E380-4DA6-9C11-AE7148788397}.Release|Any CPU.Build.0 = Release|Any CPU
		{C9E789CD-258A-492D-9512-C40E80D2518C}.Debug|Any CPU.ActiveCfg = Debug|Any CPU
		{C9E789CD-258A-492D-9512-C40E80D2518C}.Debug|Any CPU.Build.0 = Debug|Any CPU
		{C9E789CD-258A-492D-9512-C40E80D2518C}.Release|Any CPU.ActiveCfg = Release|Any CPU
		{C9E789CD-258A-492D-9512-C40E80D2518C}.Release|Any CPU.Build.0 = Release|Any CPU
		{6994E121-C57C-4B77-B729-F9392799A1A1}.Debug|Any CPU.ActiveCfg = Debug|Any CPU
		{6994E121-C57C-4B77-B729-F9392799A1A1}.Debug|Any CPU.Build.0 = Debug|Any CPU
		{6994E121-C57C-4B77-B729-F9392799A1A1}.Release|Any CPU.ActiveCfg = Release|Any CPU
		{6994E121-C57C-4B77-B729-F9392799A1A1}.Release|Any CPU.Build.0 = Release|Any CPU
		{983CBFCD-F9B2-4AEB-87E7-A8DE423E36BA}.Debug|Any CPU.ActiveCfg = Debug|Any CPU
		{983CBFCD-F9B2-4AEB-87E7-A8DE423E36BA}.Debug|Any CPU.Build.0 = Debug|Any CPU
		{983CBFCD-F9B2-4AEB-87E7-A8DE423E36BA}.Release|Any CPU.ActiveCfg = Release|Any CPU
		{983CBFCD-F9B2-4AEB-87E7-A8DE423E36BA}.Release|Any CPU.Build.0 = Release|Any CPU
		{0BC2CF67-1E9A-4023-838C-1F510D220495}.Debug|Any CPU.ActiveCfg = Debug|Any CPU
		{0BC2CF67-1E9A-4023-838C-1F510D220495}.Debug|Any CPU.Build.0 = Debug|Any CPU
		{0BC2CF67-1E9A-4023-838C-1F510D220495}.Release|Any CPU.ActiveCfg = Release|Any CPU
		{0BC2CF67-1E9A-4023-838C-1F510D220495}.Release|Any CPU.Build.0 = Release|Any CPU
		{6B25F761-4628-44C8-8C0D-FDE89DAD20E2}.Debug|Any CPU.ActiveCfg = Debug|Any CPU
		{6B25F761-4628-44C8-8C0D-FDE89DAD20E2}.Debug|Any CPU.Build.0 = Debug|Any CPU
		{6B25F761-4628-44C8-8C0D-FDE89DAD20E2}.Release|Any CPU.ActiveCfg = Release|Any CPU
		{6B25F761-4628-44C8-8C0D-FDE89DAD20E2}.Release|Any CPU.Build.0 = Release|Any CPU
	EndGlobalSection
	GlobalSection(SolutionProperties) = preSolution
		HideSolutionNode = FALSE
	EndGlobalSection
	GlobalSection(NestedProjects) = preSolution
		{7357C8A3-C1B3-4E28-B1AF-B9025BCA010E} = {0E4C75E4-006E-439C-8465-4C174EF0D791}
		{A31CAE96-D60C-495F-8934-16E5313E3D93} = {0E4C75E4-006E-439C-8465-4C174EF0D791}
		{A44602D1-BB17-4BE2-B75F-283F8E6819CF} = {A31CAE96-D60C-495F-8934-16E5313E3D93}
		{C0E95CBA-1827-42DA-AD59-50C64830E058} = {7357C8A3-C1B3-4E28-B1AF-B9025BCA010E}
		{EF433FA9-5D21-49A9-A3BD-340B3FB46B63} = {0E4C75E4-006E-439C-8465-4C174EF0D791}
		{F0EF0F67-6673-4605-8C33-E19910A665FE} = {0E4C75E4-006E-439C-8465-4C174EF0D791}
		{D9329C29-710B-4B69-970A-BC5E5C4537B9} = {0E4C75E4-006E-439C-8465-4C174EF0D791}
		{6FA4AF29-3F04-4C66-BE86-8BA7C4A5CE59} = {EF433FA9-5D21-49A9-A3BD-340B3FB46B63}
		{9CBFC3C1-8B88-4592-8A16-C262C02D659D} = {F0EF0F67-6673-4605-8C33-E19910A665FE}
		{07DBCADF-FF4F-4CD6-ADB1-56AF1D593244} = {D9329C29-710B-4B69-970A-BC5E5C4537B9}
		{6ECA150D-E380-4DA6-9C11-AE7148788397} = {7357C8A3-C1B3-4E28-B1AF-B9025BCA010E}
		{C9E789CD-258A-492D-9512-C40E80D2518C} = {7357C8A3-C1B3-4E28-B1AF-B9025BCA010E}
		{6994E121-C57C-4B77-B729-F9392799A1A1} = {92300877-74BC-4D58-B60A-7564C290680A}
		{983CBFCD-F9B2-4AEB-87E7-A8DE423E36BA} = {7357C8A3-C1B3-4E28-B1AF-B9025BCA010E}
		{A99963D6-769C-47F6-A92E-E87DC450A58D} = {22FAEC87-AA1E-4D64-B2FB-794E3C13DCD3}
		{76D12C3E-575D-4527-B4E9-8B2AD0246623} = {A99963D6-769C-47F6-A92E-E87DC450A58D}
		{0BC2CF67-1E9A-4023-838C-1F510D220495} = {7357C8A3-C1B3-4E28-B1AF-B9025BCA010E}
		{B5A80C16-51AA-4829-906E-83413F030096} = {A99963D6-769C-47F6-A92E-E87DC450A58D}
		{6B25F761-4628-44C8-8C0D-FDE89DAD20E2} = {7357C8A3-C1B3-4E28-B1AF-B9025BCA010E}
		{503A5311-3C5D-4C6C-8DFB-1A79C17890F4} = {A99963D6-769C-47F6-A92E-E87DC450A58D}
	EndGlobalSection
	GlobalSection(ExtensibilityGlobals) = postSolution
		SolutionGuid = {B4164B76-6B6C-4C87-B712-04906B388751}
	EndGlobalSection
EndGlobal
